
Microsoft Visual Studio Solution File, Format Version 12.00
# Visual Studio Version 17
VisualStudioVersion = 17.5.33627.172
MinimumVisualStudioVersion = 10.0.40219.1
Project("{9A19103F-16F7-4668-BE54-9A1E7A4F7556}") = "Game2024_Batailles", "Game2024_Batailles\Game2024_Batailles.csproj", "{528A046E-6CFB-429B-8B37-D2B45FE7AD89}"
EndProject
Global
	GlobalSection(SolutionConfigurationPlatforms) = preSolution
		Debug|Any CPU = Debug|Any CPU
		Release|Any CPU = Release|Any CPU
	EndGlobalSection
	GlobalSection(ProjectConfigurationPlatforms) = postSolution
		{528A046E-6CFB-429B-8B37-D2B45FE7AD89}.Debug|Any CPU.ActiveCfg = Debug|Any CPU
		{528A046E-6CFB-429B-8B37-D2B45FE7AD89}.Debug|Any CPU.Build.0 = Debug|Any CPU
		{528A046E-6CFB-429B-8B37-D2B45FE7AD89}.Release|Any CPU.ActiveCfg = Release|Any CPU
		{528A046E-6CFB-429B-8B37-D2B45FE7AD89}.Release|Any CPU.Build.0 = Release|Any CPU
	EndGlobalSection
	GlobalSection(SolutionProperties) = preSolution
		HideSolutionNode = FALSE
	EndGlobalSection
	GlobalSection(ExtensibilityGlobals) = postSolution
		SolutionGuid = {FF333E18-0BF5-43F4-B9C0-1FFEF950523F}
	EndGlobalSection
EndGlobal
